
Microsoft Visual Studio Solution File, Format Version 12.00
# Visual Studio 2013
VisualStudioVersion = 12.0.30219.0
MinimumVisualStudioVersion = 10.0.40219.1
Project("{FAE04EC0-301F-11D3-BF4B-00C04F79EFBC}") = "WMIB", "src\WMIB\WMIB.csproj", "{69FFE45E-1CA0-47E5-92D9-4C8E2EDBE911}"
EndProject
Project("{2150E333-8FDC-42A3-9474-1A3956D46DE8}") = "Plugins", "Plugins", "{2AB5B30B-8882-42EB-BEED-FC18B6F9DB9E}"
EndProject
Project("{FAE04EC0-301F-11D3-BF4B-00C04F79EFBC}") = "htmldump", "src\plugins\htmldump\htmldump.csproj", "{51F3647B-BBAB-4FDB-A9AC-C35603AFA862}"
EndProject
Project("{FAE04EC0-301F-11D3-BF4B-00C04F79EFBC}") = "labs", "src\plugins\labs\labs.csproj", "{0CFEC9A6-B6B4-4C48-9395-24F9A49F03AE}"
EndProject
Project("{FAE04EC0-301F-11D3-BF4B-00C04F79EFBC}") = "Linkie", "src\plugins\Linkie\Linkie.csproj", "{85031952-D76C-4637-B5FD-8714105AA588}"
EndProject
Project("{FAE04EC0-301F-11D3-BF4B-00C04F79EFBC}") = "NetCat", "src\plugins\NetCat\NetCat.csproj", "{039CE484-58BA-4DAF-B23F-8749826BC6D8}"
EndProject
Project("{FAE04EC0-301F-11D3-BF4B-00C04F79EFBC}") = "op", "src\plugins\op\op.csproj", "{E080A210-7CC2-410A-8A1D-EE966FACB8A8}"
EndProject
Project("{FAE04EC0-301F-11D3-BF4B-00C04F79EFBC}") = "Ping", "src\plugins\Ping\Ping\Ping.csproj", "{D07E7B34-7988-4AEC-86DD-8A049100377A}"
EndProject
Project("{FAE04EC0-301F-11D3-BF4B-00C04F79EFBC}") = "request", "src\plugins\request\request.csproj", "{81749ABA-B2F8-4416-99E6-A4EF092A085E}"
EndProject
Project("{FAE04EC0-301F-11D3-BF4B-00C04F79EFBC}") = "rl", "src\plugins\rl\rl\rl.csproj", "{C189468F-FDF5-4B00-8D1A-627F1CF84FAE}"
EndProject
Project("{FAE04EC0-301F-11D3-BF4B-00C04F79EFBC}") = "plugin", "src\plugins\seen\plugin.csproj", "{D685D1B9-0849-4590-BC5B-7041FC2DE539}"
EndProject
Project("{FAE04EC0-301F-11D3-BF4B-00C04F79EFBC}") = "slap", "src\plugins\slap\slap.csproj", "{9B8503D4-4C7E-48BE-B39D-4635A8AB370C}"
EndProject
Project("{FAE04EC0-301F-11D3-BF4B-00C04F79EFBC}") = "Thanks", "src\plugins\Thanks\Thanks.csproj", "{BCDB44D7-22A5-4953-8B0E-2D2EF36E148F}"
EndProject
Project("{FAE04EC0-301F-11D3-BF4B-00C04F79EFBC}") = "wmib_infobot", "src\plugins\wmib_infobot\wmib_infobot.csproj", "{B6EBAE6C-0531-4DA0-9776-F59B56272D30}"
EndProject
Project("{FAE04EC0-301F-11D3-BF4B-00C04F79EFBC}") = "wmib_log", "src\plugins\wmib_log\wmib_log.csproj", "{A772F7C9-327F-4B7F-89A6-05AA082777C8}"
EndProject
Project("{FAE04EC0-301F-11D3-BF4B-00C04F79EFBC}") = "wmib_notify", "src\plugins\wmib_notify\wmib_notify.csproj", "{C330A057-3AD8-4801-B98B-09FA89CDEBCF}"
EndProject
Project("{FAE04EC0-301F-11D3-BF4B-00C04F79EFBC}") = "wmib_rafeed", "src\plugins\wmib_rafeed\wmib_rafeed.csproj", "{82EC6779-13DE-4281-9672-EC3CF728A42A}"
EndProject
Project("{FAE04EC0-301F-11D3-BF4B-00C04F79EFBC}") = "wmib_rc", "src\plugins\wmib_rc\wmib_rc.csproj", "{562870D0-73FE-4AB3-A286-C265679496FC}"
EndProject
Project("{FAE04EC0-301F-11D3-BF4B-00C04F79EFBC}") = "wmib_statistics", "src\plugins\wmib_statistics\wmib_statistics.csproj", "{FEE95225-382D-421C-B096-F0AAC87E9F2A}"
EndProject
Project("{FAE04EC0-301F-11D3-BF4B-00C04F79EFBC}") = "tcp_io", "src\tcp_io\tcp_io.csproj", "{A222B6E0-A8C9-48F2-83A0-F3552CC5BC66}"
EndProject
Global
	GlobalSection(SolutionConfigurationPlatforms) = preSolution
		Debug|Any CPU = Debug|Any CPU
		Debug|Mixed Platforms = Debug|Mixed Platforms
		Debug|x86 = Debug|x86
		Release|Any CPU = Release|Any CPU
		Release|Mixed Platforms = Release|Mixed Platforms
		Release|x86 = Release|x86
	EndGlobalSection
	GlobalSection(ProjectConfigurationPlatforms) = postSolution
		{69FFE45E-1CA0-47E5-92D9-4C8E2EDBE911}.Debug|Any CPU.ActiveCfg = Debug|x86
		{69FFE45E-1CA0-47E5-92D9-4C8E2EDBE911}.Debug|Mixed Platforms.ActiveCfg = Debug|x86
		{69FFE45E-1CA0-47E5-92D9-4C8E2EDBE911}.Debug|Mixed Platforms.Build.0 = Debug|x86
		{69FFE45E-1CA0-47E5-92D9-4C8E2EDBE911}.Debug|x86.ActiveCfg = Debug|x86
		{69FFE45E-1CA0-47E5-92D9-4C8E2EDBE911}.Debug|x86.Build.0 = Debug|x86
		{69FFE45E-1CA0-47E5-92D9-4C8E2EDBE911}.Release|Any CPU.ActiveCfg = Release|x86
		{69FFE45E-1CA0-47E5-92D9-4C8E2EDBE911}.Release|Mixed Platforms.ActiveCfg = Release|x86
		{69FFE45E-1CA0-47E5-92D9-4C8E2EDBE911}.Release|Mixed Platforms.Build.0 = Release|x86
		{69FFE45E-1CA0-47E5-92D9-4C8E2EDBE911}.Release|x86.ActiveCfg = Release|x86
		{69FFE45E-1CA0-47E5-92D9-4C8E2EDBE911}.Release|x86.Build.0 = Release|x86
		{51F3647B-BBAB-4FDB-A9AC-C35603AFA862}.Debug|Any CPU.ActiveCfg = Debug|Any CPU
		{51F3647B-BBAB-4FDB-A9AC-C35603AFA862}.Debug|Any CPU.Build.0 = Debug|Any CPU
		{51F3647B-BBAB-4FDB-A9AC-C35603AFA862}.Debug|Mixed Platforms.ActiveCfg = Debug|Any CPU
		{51F3647B-BBAB-4FDB-A9AC-C35603AFA862}.Debug|Mixed Platforms.Build.0 = Debug|Any CPU
		{51F3647B-BBAB-4FDB-A9AC-C35603AFA862}.Debug|x86.ActiveCfg = Debug|Any CPU
		{51F3647B-BBAB-4FDB-A9AC-C35603AFA862}.Release|Any CPU.ActiveCfg = Release|Any CPU
		{51F3647B-BBAB-4FDB-A9AC-C35603AFA862}.Release|Any CPU.Build.0 = Release|Any CPU
		{51F3647B-BBAB-4FDB-A9AC-C35603AFA862}.Release|Mixed Platforms.ActiveCfg = Release|Any CPU
		{51F3647B-BBAB-4FDB-A9AC-C35603AFA862}.Release|Mixed Platforms.Build.0 = Release|Any CPU
		{51F3647B-BBAB-4FDB-A9AC-C35603AFA862}.Release|x86.ActiveCfg = Release|Any CPU
		{0CFEC9A6-B6B4-4C48-9395-24F9A49F03AE}.Debug|Any CPU.ActiveCfg = Debug|Any CPU
		{0CFEC9A6-B6B4-4C48-9395-24F9A49F03AE}.Debug|Any CPU.Build.0 = Debug|Any CPU
		{0CFEC9A6-B6B4-4C48-9395-24F9A49F03AE}.Debug|Mixed Platforms.ActiveCfg = Debug|Any CPU
		{0CFEC9A6-B6B4-4C48-9395-24F9A49F03AE}.Debug|Mixed Platforms.Build.0 = Debug|Any CPU
		{0CFEC9A6-B6B4-4C48-9395-24F9A49F03AE}.Debug|x86.ActiveCfg = Debug|Any CPU
		{0CFEC9A6-B6B4-4C48-9395-24F9A49F03AE}.Release|Any CPU.ActiveCfg = Release|Any CPU
		{0CFEC9A6-B6B4-4C48-9395-24F9A49F03AE}.Release|Any CPU.Build.0 = Release|Any CPU
		{0CFEC9A6-B6B4-4C48-9395-24F9A49F03AE}.Release|Mixed Platforms.ActiveCfg = Release|Any CPU
		{0CFEC9A6-B6B4-4C48-9395-24F9A49F03AE}.Release|Mixed Platforms.Build.0 = Release|Any CPU
		{0CFEC9A6-B6B4-4C48-9395-24F9A49F03AE}.Release|x86.ActiveCfg = Release|Any CPU
		{85031952-D76C-4637-B5FD-8714105AA588}.Debug|Any CPU.ActiveCfg = Debug|Any CPU
		{85031952-D76C-4637-B5FD-8714105AA588}.Debug|Any CPU.Build.0 = Debug|Any CPU
		{85031952-D76C-4637-B5FD-8714105AA588}.Debug|Mixed Platforms.ActiveCfg = Debug|Any CPU
		{85031952-D76C-4637-B5FD-8714105AA588}.Debug|Mixed Platforms.Build.0 = Debug|Any CPU
		{85031952-D76C-4637-B5FD-8714105AA588}.Debug|x86.ActiveCfg = Debug|Any CPU
		{85031952-D76C-4637-B5FD-8714105AA588}.Release|Any CPU.ActiveCfg = Release|Any CPU
		{85031952-D76C-4637-B5FD-8714105AA588}.Release|Any CPU.Build.0 = Release|Any CPU
		{85031952-D76C-4637-B5FD-8714105AA588}.Release|Mixed Platforms.ActiveCfg = Release|Any CPU
		{85031952-D76C-4637-B5FD-8714105AA588}.Release|Mixed Platforms.Build.0 = Release|Any CPU
		{85031952-D76C-4637-B5FD-8714105AA588}.Release|x86.ActiveCfg = Release|Any CPU
		{039CE484-58BA-4DAF-B23F-8749826BC6D8}.Debug|Any CPU.ActiveCfg = Debug|Any CPU
		{039CE484-58BA-4DAF-B23F-8749826BC6D8}.Debug|Any CPU.Build.0 = Debug|Any CPU
		{039CE484-58BA-4DAF-B23F-8749826BC6D8}.Debug|Mixed Platforms.ActiveCfg = Debug|Any CPU
		{039CE484-58BA-4DAF-B23F-8749826BC6D8}.Debug|Mixed Platforms.Build.0 = Debug|Any CPU
		{039CE484-58BA-4DAF-B23F-8749826BC6D8}.Debug|x86.ActiveCfg = Debug|Any CPU
		{039CE484-58BA-4DAF-B23F-8749826BC6D8}.Release|Any CPU.ActiveCfg = Release|Any CPU
		{039CE484-58BA-4DAF-B23F-8749826BC6D8}.Release|Any CPU.Build.0 = Release|Any CPU
		{039CE484-58BA-4DAF-B23F-8749826BC6D8}.Release|Mixed Platforms.ActiveCfg = Release|Any CPU
		{039CE484-58BA-4DAF-B23F-8749826BC6D8}.Release|Mixed Platforms.Build.0 = Release|Any CPU
		{039CE484-58BA-4DAF-B23F-8749826BC6D8}.Release|x86.ActiveCfg = Release|Any CPU
		{E080A210-7CC2-410A-8A1D-EE966FACB8A8}.Debug|Any CPU.ActiveCfg = Debug|Any CPU
		{E080A210-7CC2-410A-8A1D-EE966FACB8A8}.Debug|Any CPU.Build.0 = Debug|Any CPU
		{E080A210-7CC2-410A-8A1D-EE966FACB8A8}.Debug|Mixed Platforms.ActiveCfg = Debug|Any CPU
		{E080A210-7CC2-410A-8A1D-EE966FACB8A8}.Debug|Mixed Platforms.Build.0 = Debug|Any CPU
		{E080A210-7CC2-410A-8A1D-EE966FACB8A8}.Debug|x86.ActiveCfg = Debug|Any CPU
		{E080A210-7CC2-410A-8A1D-EE966FACB8A8}.Release|Any CPU.ActiveCfg = Release|Any CPU
		{E080A210-7CC2-410A-8A1D-EE966FACB8A8}.Release|Any CPU.Build.0 = Release|Any CPU
		{E080A210-7CC2-410A-8A1D-EE966FACB8A8}.Release|Mixed Platforms.ActiveCfg = Release|Any CPU
		{E080A210-7CC2-410A-8A1D-EE966FACB8A8}.Release|Mixed Platforms.Build.0 = Release|Any CPU
		{E080A210-7CC2-410A-8A1D-EE966FACB8A8}.Release|x86.ActiveCfg = Release|Any CPU
		{D07E7B34-7988-4AEC-86DD-8A049100377A}.Debug|Any CPU.ActiveCfg = Debug|Any CPU
		{D07E7B34-7988-4AEC-86DD-8A049100377A}.Debug|Any CPU.Build.0 = Debug|Any CPU
		{D07E7B34-7988-4AEC-86DD-8A049100377A}.Debug|Mixed Platforms.ActiveCfg = Debug|Any CPU
		{D07E7B34-7988-4AEC-86DD-8A049100377A}.Debug|Mixed Platforms.Build.0 = Debug|Any CPU
		{D07E7B34-7988-4AEC-86DD-8A049100377A}.Debug|x86.ActiveCfg = Debug|Any CPU
		{D07E7B34-7988-4AEC-86DD-8A049100377A}.Release|Any CPU.ActiveCfg = Release|Any CPU
		{D07E7B34-7988-4AEC-86DD-8A049100377A}.Release|Any CPU.Build.0 = Release|Any CPU
		{D07E7B34-7988-4AEC-86DD-8A049100377A}.Release|Mixed Platforms.ActiveCfg = Release|Any CPU
		{D07E7B34-7988-4AEC-86DD-8A049100377A}.Release|Mixed Platforms.Build.0 = Release|Any CPU
		{D07E7B34-7988-4AEC-86DD-8A049100377A}.Release|x86.ActiveCfg = Release|Any CPU
		{81749ABA-B2F8-4416-99E6-A4EF092A085E}.Debug|Any CPU.ActiveCfg = Debug|Any CPU
		{81749ABA-B2F8-4416-99E6-A4EF092A085E}.Debug|Any CPU.Build.0 = Debug|Any CPU
		{81749ABA-B2F8-4416-99E6-A4EF092A085E}.Debug|Mixed Platforms.ActiveCfg = Debug|x86
		{81749ABA-B2F8-4416-99E6-A4EF092A085E}.Debug|Mixed Platforms.Build.0 = Debug|x86
		{81749ABA-B2F8-4416-99E6-A4EF092A085E}.Debug|x86.ActiveCfg = Debug|x86
		{81749ABA-B2F8-4416-99E6-A4EF092A085E}.Debug|x86.Build.0 = Debug|x86
		{81749ABA-B2F8-4416-99E6-A4EF092A085E}.Release|Any CPU.ActiveCfg = Release|Any CPU
		{81749ABA-B2F8-4416-99E6-A4EF092A085E}.Release|Any CPU.Build.0 = Release|Any CPU
		{81749ABA-B2F8-4416-99E6-A4EF092A085E}.Release|Mixed Platforms.ActiveCfg = Release|x86
		{81749ABA-B2F8-4416-99E6-A4EF092A085E}.Release|Mixed Platforms.Build.0 = Release|x86
		{81749ABA-B2F8-4416-99E6-A4EF092A085E}.Release|x86.ActiveCfg = Release|x86
		{81749ABA-B2F8-4416-99E6-A4EF092A085E}.Release|x86.Build.0 = Release|x86
		{C189468F-FDF5-4B00-8D1A-627F1CF84FAE}.Debug|Any CPU.ActiveCfg = Debug|Any CPU
		{C189468F-FDF5-4B00-8D1A-627F1CF84FAE}.Debug|Any CPU.Build.0 = Debug|Any CPU
		{C189468F-FDF5-4B00-8D1A-627F1CF84FAE}.Debug|Mixed Platforms.ActiveCfg = Debug|Any CPU
		{C189468F-FDF5-4B00-8D1A-627F1CF84FAE}.Debug|Mixed Platforms.Build.0 = Debug|Any CPU
		{C189468F-FDF5-4B00-8D1A-627F1CF84FAE}.Debug|x86.ActiveCfg = Debug|Any CPU
		{C189468F-FDF5-4B00-8D1A-627F1CF84FAE}.Release|Any CPU.ActiveCfg = Release|Any CPU
		{C189468F-FDF5-4B00-8D1A-627F1CF84FAE}.Release|Any CPU.Build.0 = Release|Any CPU
		{C189468F-FDF5-4B00-8D1A-627F1CF84FAE}.Release|Mixed Platforms.ActiveCfg = Release|Any CPU
		{C189468F-FDF5-4B00-8D1A-627F1CF84FAE}.Release|Mixed Platforms.Build.0 = Release|Any CPU
		{C189468F-FDF5-4B00-8D1A-627F1CF84FAE}.Release|x86.ActiveCfg = Release|Any CPU
		{D685D1B9-0849-4590-BC5B-7041FC2DE539}.Debug|Any CPU.ActiveCfg = Debug|Any CPU
		{D685D1B9-0849-4590-BC5B-7041FC2DE539}.Debug|Any CPU.Build.0 = Debug|Any CPU
		{D685D1B9-0849-4590-BC5B-7041FC2DE539}.Debug|Mixed Platforms.ActiveCfg = Debug|Any CPU
		{D685D1B9-0849-4590-BC5B-7041FC2DE539}.Debug|Mixed Platforms.Build.0 = Debug|Any CPU
		{D685D1B9-0849-4590-BC5B-7041FC2DE539}.Debug|x86.ActiveCfg = Debug|Any CPU
		{D685D1B9-0849-4590-BC5B-7041FC2DE539}.Release|Any CPU.ActiveCfg = Release|Any CPU
		{D685D1B9-0849-4590-BC5B-7041FC2DE539}.Release|Any CPU.Build.0 = Release|Any CPU
		{D685D1B9-0849-4590-BC5B-7041FC2DE539}.Release|Mixed Platforms.ActiveCfg = Release|Any CPU
		{D685D1B9-0849-4590-BC5B-7041FC2DE539}.Release|Mixed Platforms.Build.0 = Release|Any CPU
		{D685D1B9-0849-4590-BC5B-7041FC2DE539}.Release|x86.ActiveCfg = Release|Any CPU
		{9B8503D4-4C7E-48BE-B39D-4635A8AB370C}.Debug|Any CPU.ActiveCfg = Debug|Any CPU
		{9B8503D4-4C7E-48BE-B39D-4635A8AB370C}.Debug|Any CPU.Build.0 = Debug|Any CPU
		{9B8503D4-4C7E-48BE-B39D-4635A8AB370C}.Debug|Mixed Platforms.ActiveCfg = Debug|Any CPU
		{9B8503D4-4C7E-48BE-B39D-4635A8AB370C}.Debug|Mixed Platforms.Build.0 = Debug|Any CPU
		{9B8503D4-4C7E-48BE-B39D-4635A8AB370C}.Debug|x86.ActiveCfg = Debug|Any CPU
		{9B8503D4-4C7E-48BE-B39D-4635A8AB370C}.Release|Any CPU.ActiveCfg = Release|Any CPU
		{9B8503D4-4C7E-48BE-B39D-4635A8AB370C}.Release|Any CPU.Build.0 = Release|Any CPU
		{9B8503D4-4C7E-48BE-B39D-4635A8AB370C}.Release|Mixed Platforms.ActiveCfg = Release|Any CPU
		{9B8503D4-4C7E-48BE-B39D-4635A8AB370C}.Release|Mixed Platforms.Build.0 = Release|Any CPU
		{9B8503D4-4C7E-48BE-B39D-4635A8AB370C}.Release|x86.ActiveCfg = Release|Any CPU
		{BCDB44D7-22A5-4953-8B0E-2D2EF36E148F}.Debug|Any CPU.ActiveCfg = Debug|Any CPU
		{BCDB44D7-22A5-4953-8B0E-2D2EF36E148F}.Debug|Any CPU.Build.0 = Debug|Any CPU
		{BCDB44D7-22A5-4953-8B0E-2D2EF36E148F}.Debug|Mixed Platforms.ActiveCfg = Debug|Any CPU
		{BCDB44D7-22A5-4953-8B0E-2D2EF36E148F}.Debug|Mixed Platforms.Build.0 = Debug|Any CPU
		{BCDB44D7-22A5-4953-8B0E-2D2EF36E148F}.Debug|x86.ActiveCfg = Debug|Any CPU
		{BCDB44D7-22A5-4953-8B0E-2D2EF36E148F}.Release|Any CPU.ActiveCfg = Release|Any CPU
		{BCDB44D7-22A5-4953-8B0E-2D2EF36E148F}.Release|Any CPU.Build.0 = Release|Any CPU
		{BCDB44D7-22A5-4953-8B0E-2D2EF36E148F}.Release|Mixed Platforms.ActiveCfg = Release|Any CPU
		{BCDB44D7-22A5-4953-8B0E-2D2EF36E148F}.Release|Mixed Platforms.Build.0 = Release|Any CPU
		{BCDB44D7-22A5-4953-8B0E-2D2EF36E148F}.Release|x86.ActiveCfg = Release|Any CPU
		{B6EBAE6C-0531-4DA0-9776-F59B56272D30}.Debug|Any CPU.ActiveCfg = Debug|Any CPU
		{B6EBAE6C-0531-4DA0-9776-F59B56272D30}.Debug|Any CPU.Build.0 = Debug|Any CPU
		{B6EBAE6C-0531-4DA0-9776-F59B56272D30}.Debug|Mixed Platforms.ActiveCfg = Debug|Any CPU
		{B6EBAE6C-0531-4DA0-9776-F59B56272D30}.Debug|Mixed Platforms.Build.0 = Debug|Any CPU
		{B6EBAE6C-0531-4DA0-9776-F59B56272D30}.Debug|x86.ActiveCfg = Debug|Any CPU
		{B6EBAE6C-0531-4DA0-9776-F59B56272D30}.Release|Any CPU.ActiveCfg = Release|Any CPU
		{B6EBAE6C-0531-4DA0-9776-F59B56272D30}.Release|Any CPU.Build.0 = Release|Any CPU
		{B6EBAE6C-0531-4DA0-9776-F59B56272D30}.Release|Mixed Platforms.ActiveCfg = Release|Any CPU
		{B6EBAE6C-0531-4DA0-9776-F59B56272D30}.Release|Mixed Platforms.Build.0 = Release|Any CPU
		{B6EBAE6C-0531-4DA0-9776-F59B56272D30}.Release|x86.ActiveCfg = Release|Any CPU
		{A772F7C9-327F-4B7F-89A6-05AA082777C8}.Debug|Any CPU.ActiveCfg = Debug|Any CPU
		{A772F7C9-327F-4B7F-89A6-05AA082777C8}.Debug|Any CPU.Build.0 = Debug|Any CPU
		{A772F7C9-327F-4B7F-89A6-05AA082777C8}.Debug|Mixed Platforms.ActiveCfg = Debug|Any CPU
		{A772F7C9-327F-4B7F-89A6-05AA082777C8}.Debug|Mixed Platforms.Build.0 = Debug|Any CPU
		{A772F7C9-327F-4B7F-89A6-05AA082777C8}.Debug|x86.ActiveCfg = Debug|Any CPU
		{A772F7C9-327F-4B7F-89A6-05AA082777C8}.Release|Any CPU.ActiveCfg = Release|Any CPU
		{A772F7C9-327F-4B7F-89A6-05AA082777C8}.Release|Any CPU.Build.0 = Release|Any CPU
		{A772F7C9-327F-4B7F-89A6-05AA082777C8}.Release|Mixed Platforms.ActiveCfg = Release|Any CPU
		{A772F7C9-327F-4B7F-89A6-05AA082777C8}.Release|Mixed Platforms.Build.0 = Release|Any CPU
		{A772F7C9-327F-4B7F-89A6-05AA082777C8}.Release|x86.ActiveCfg = Release|Any CPU
		{C330A057-3AD8-4801-B98B-09FA89CDEBCF}.Debug|Any CPU.ActiveCfg = Debug|Any CPU
		{C330A057-3AD8-4801-B98B-09FA89CDEBCF}.Debug|Any CPU.Build.0 = Debug|Any CPU
		{C330A057-3AD8-4801-B98B-09FA89CDEBCF}.Debug|Mixed Platforms.ActiveCfg = Debug|Any CPU
		{C330A057-3AD8-4801-B98B-09FA89CDEBCF}.Debug|Mixed Platforms.Build.0 = Debug|Any CPU
		{C330A057-3AD8-4801-B98B-09FA89CDEBCF}.Debug|x86.ActiveCfg = Debug|Any CPU
		{C330A057-3AD8-4801-B98B-09FA89CDEBCF}.Release|Any CPU.ActiveCfg = Release|Any CPU
		{C330A057-3AD8-4801-B98B-09FA89CDEBCF}.Release|Any CPU.Build.0 = Release|Any CPU
		{C330A057-3AD8-4801-B98B-09FA89CDEBCF}.Release|Mixed Platforms.ActiveCfg = Release|Any CPU
		{C330A057-3AD8-4801-B98B-09FA89CDEBCF}.Release|Mixed Platforms.Build.0 = Release|Any CPU
		{C330A057-3AD8-4801-B98B-09FA89CDEBCF}.Release|x86.ActiveCfg = Release|Any CPU
		{82EC6779-13DE-4281-9672-EC3CF728A42A}.Debug|Any CPU.ActiveCfg = Debug|Any CPU
		{82EC6779-13DE-4281-9672-EC3CF728A42A}.Debug|Any CPU.Build.0 = Debug|Any CPU
		{82EC6779-13DE-4281-9672-EC3CF728A42A}.Debug|Mixed Platforms.ActiveCfg = Debug|Any CPU
		{82EC6779-13DE-4281-9672-EC3CF728A42A}.Debug|Mixed Platforms.Build.0 = Debug|Any CPU
		{82EC6779-13DE-4281-9672-EC3CF728A42A}.Debug|x86.ActiveCfg = Debug|Any CPU
		{82EC6779-13DE-4281-9672-EC3CF728A42A}.Release|Any CPU.ActiveCfg = Release|Any CPU
		{82EC6779-13DE-4281-9672-EC3CF728A42A}.Release|Any CPU.Build.0 = Release|Any CPU
		{82EC6779-13DE-4281-9672-EC3CF728A42A}.Release|Mixed Platforms.ActiveCfg = Release|Any CPU
		{82EC6779-13DE-4281-9672-EC3CF728A42A}.Release|Mixed Platforms.Build.0 = Release|Any CPU
		{82EC6779-13DE-4281-9672-EC3CF728A42A}.Release|x86.ActiveCfg = Release|Any CPU
		{562870D0-73FE-4AB3-A286-C265679496FC}.Debug|Any CPU.ActiveCfg = Debug|Any CPU
		{562870D0-73FE-4AB3-A286-C265679496FC}.Debug|Any CPU.Build.0 = Debug|Any CPU
		{562870D0-73FE-4AB3-A286-C265679496FC}.Debug|Mixed Platforms.ActiveCfg = Debug|Any CPU
		{562870D0-73FE-4AB3-A286-C265679496FC}.Debug|Mixed Platforms.Build.0 = Debug|Any CPU
		{562870D0-73FE-4AB3-A286-C265679496FC}.Debug|x86.ActiveCfg = Debug|Any CPU
		{562870D0-73FE-4AB3-A286-C265679496FC}.Release|Any CPU.ActiveCfg = Release|Any CPU
		{562870D0-73FE-4AB3-A286-C265679496FC}.Release|Any CPU.Build.0 = Release|Any CPU
		{562870D0-73FE-4AB3-A286-C265679496FC}.Release|Mixed Platforms.ActiveCfg = Release|Any CPU
		{562870D0-73FE-4AB3-A286-C265679496FC}.Release|Mixed Platforms.Build.0 = Release|Any CPU
		{562870D0-73FE-4AB3-A286-C265679496FC}.Release|x86.ActiveCfg = Release|Any CPU
		{FEE95225-382D-421C-B096-F0AAC87E9F2A}.Debug|Any CPU.ActiveCfg = Debug|Any CPU
		{FEE95225-382D-421C-B096-F0AAC87E9F2A}.Debug|Any CPU.Build.0 = Debug|Any CPU
		{FEE95225-382D-421C-B096-F0AAC87E9F2A}.Debug|Mixed Platforms.ActiveCfg = Debug|Any CPU
		{FEE95225-382D-421C-B096-F0AAC87E9F2A}.Debug|Mixed Platforms.Build.0 = Debug|Any CPU
		{FEE95225-382D-421C-B096-F0AAC87E9F2A}.Debug|x86.ActiveCfg = Debug|Any CPU
		{FEE95225-382D-421C-B096-F0AAC87E9F2A}.Release|Any CPU.ActiveCfg = Release|Any CPU
		{FEE95225-382D-421C-B096-F0AAC87E9F2A}.Release|Any CPU.Build.0 = Release|Any CPU
		{FEE95225-382D-421C-B096-F0AAC87E9F2A}.Release|Mixed Platforms.ActiveCfg = Release|Any CPU
		{FEE95225-382D-421C-B096-F0AAC87E9F2A}.Release|Mixed Platforms.Build.0 = Release|Any CPU
		{FEE95225-382D-421C-B096-F0AAC87E9F2A}.Release|x86.ActiveCfg = Release|Any CPU
		{A222B6E0-A8C9-48F2-83A0-F3552CC5BC66}.Debug|Any CPU.ActiveCfg = Debug|x86
		{A222B6E0-A8C9-48F2-83A0-F3552CC5BC66}.Debug|Mixed Platforms.ActiveCfg = Debug|x86
		{A222B6E0-A8C9-48F2-83A0-F3552CC5BC66}.Debug|Mixed Platforms.Build.0 = Debug|x86
		{A222B6E0-A8C9-48F2-83A0-F3552CC5BC66}.Debug|x86.ActiveCfg = Debug|x86
		{A222B6E0-A8C9-48F2-83A0-F3552CC5BC66}.Debug|x86.Build.0 = Debug|x86
		{A222B6E0-A8C9-48F2-83A0-F3552CC5BC66}.Release|Any CPU.ActiveCfg = Release|x86
		{A222B6E0-A8C9-48F2-83A0-F3552CC5BC66}.Release|Mixed Platforms.ActiveCfg = Release|x86
		{A222B6E0-A8C9-48F2-83A0-F3552CC5BC66}.Release|Mixed Platforms.Build.0 = Release|x86
		{A222B6E0-A8C9-48F2-83A0-F3552CC5BC66}.Release|x86.ActiveCfg = Release|x86
		{A222B6E0-A8C9-48F2-83A0-F3552CC5BC66}.Release|x86.Build.0 = Release|x86
	EndGlobalSection
	GlobalSection(SolutionProperties) = preSolution
		HideSolutionNode = FALSE
	EndGlobalSection
	GlobalSection(NestedProjects) = preSolution
		{51F3647B-BBAB-4FDB-A9AC-C35603AFA862} = {2AB5B30B-8882-42EB-BEED-FC18B6F9DB9E}
		{0CFEC9A6-B6B4-4C48-9395-24F9A49F03AE} = {2AB5B30B-8882-42EB-BEED-FC18B6F9DB9E}
		{85031952-D76C-4637-B5FD-8714105AA588} = {2AB5B30B-8882-42EB-BEED-FC18B6F9DB9E}
		{039CE484-58BA-4DAF-B23F-8749826BC6D8} = {2AB5B30B-8882-42EB-BEED-FC18B6F9DB9E}
		{E080A210-7CC2-410A-8A1D-EE966FACB8A8} = {2AB5B30B-8882-42EB-BEED-FC18B6F9DB9E}
		{D07E7B34-7988-4AEC-86DD-8A049100377A} = {2AB5B30B-8882-42EB-BEED-FC18B6F9DB9E}
		{81749ABA-B2F8-4416-99E6-A4EF092A085E} = {2AB5B30B-8882-42EB-BEED-FC18B6F9DB9E}
		{C189468F-FDF5-4B00-8D1A-627F1CF84FAE} = {2AB5B30B-8882-42EB-BEED-FC18B6F9DB9E}
		{D685D1B9-0849-4590-BC5B-7041FC2DE539} = {2AB5B30B-8882-42EB-BEED-FC18B6F9DB9E}
		{9B8503D4-4C7E-48BE-B39D-4635A8AB370C} = {2AB5B30B-8882-42EB-BEED-FC18B6F9DB9E}
		{BCDB44D7-22A5-4953-8B0E-2D2EF36E148F} = {2AB5B30B-8882-42EB-BEED-FC18B6F9DB9E}
		{B6EBAE6C-0531-4DA0-9776-F59B56272D30} = {2AB5B30B-8882-42EB-BEED-FC18B6F9DB9E}
		{A772F7C9-327F-4B7F-89A6-05AA082777C8} = {2AB5B30B-8882-42EB-BEED-FC18B6F9DB9E}
		{C330A057-3AD8-4801-B98B-09FA89CDEBCF} = {2AB5B30B-8882-42EB-BEED-FC18B6F9DB9E}
		{82EC6779-13DE-4281-9672-EC3CF728A42A} = {2AB5B30B-8882-42EB-BEED-FC18B6F9DB9E}
		{562870D0-73FE-4AB3-A286-C265679496FC} = {2AB5B30B-8882-42EB-BEED-FC18B6F9DB9E}
		{FEE95225-382D-421C-B096-F0AAC87E9F2A} = {2AB5B30B-8882-42EB-BEED-FC18B6F9DB9E}
	EndGlobalSection
EndGlobal
