
Microsoft Visual Studio Solution File, Format Version 11.00
# Visual C# Express 2010
Project("{FAE04EC0-301F-11D3-BF4B-00C04F79EFBC}") = "wmib_statistics", "wmib_statistics\wmib_statistics.csproj", "{FEE95225-382D-421C-B096-F0AAC87E9F2A}"
EndProject
Global
	GlobalSection(SolutionConfigurationPlatforms) = preSolution
		Debug|Any CPU = Debug|Any CPU
		Release|Any CPU = Release|Any CPU
	EndGlobalSection
	GlobalSection(ProjectConfigurationPlatforms) = postSolution
		{FEE95225-382D-421C-B096-F0AAC87E9F2A}.Debug|Any CPU.ActiveCfg = Debug|Any CPU
		{FEE95225-382D-421C-B096-F0AAC87E9F2A}.Debug|Any CPU.Build.0 = Debug|Any CPU
		{FEE95225-382D-421C-B096-F0AAC87E9F2A}.Release|Any CPU.ActiveCfg = Release|Any CPU
		{FEE95225-382D-421C-B096-F0AAC87E9F2A}.Release|Any CPU.Build.0 = Release|Any CPU
	EndGlobalSection
	GlobalSection(SolutionProperties) = preSolution
		HideSolutionNode = FALSE
	EndGlobalSection
EndGlobal
