
Microsoft Visual Studio Solution File, Format Version 11.00
# Visual Studio 2010
Project("{FAE04EC0-301F-11D3-BF4B-00C04F79EFBC}") = "HtmlDump", "HtmlDump\HtmlDump.csproj", "{F48E5D4F-76C6-4145-A9FF-012B5162EA73}"
EndProject
Project("{FAE04EC0-301F-11D3-BF4B-00C04F79EFBC}") = "Statistics", "Statistics\Statistics.csproj", "{1F040F2D-6A14-4B80-B935-05C53D16CBCD}"
EndProject
Project("{FAE04EC0-301F-11D3-BF4B-00C04F79EFBC}") = "Seen", "Seen\Seen.csproj", "{3A3FDED0-DA3A-4168-9550-DBE741C50EA4}"
EndProject
Project("{FAE04EC0-301F-11D3-BF4B-00C04F79EFBC}") = "Labs", "Labs\Labs.csproj", "{A25A07AE-116F-4133-870A-6EEDA24E9103}"
EndProject
Project("{FAE04EC0-301F-11D3-BF4B-00C04F79EFBC}") = "Logs", "Logs\Logs.csproj", "{E16299DD-BA39-42EA-A539-A711C59E5F9F}"
EndProject
Project("{FAE04EC0-301F-11D3-BF4B-00C04F79EFBC}") = "OpTools", "OpTools\OpTools.csproj", "{AF12BC2F-879F-40CF-B35A-846738C53EA9}"
EndProject
Project("{FAE04EC0-301F-11D3-BF4B-00C04F79EFBC}") = "RaFeed", "RaFeed\RaFeed.csproj", "{0F201F75-E77D-48C9-ACD8-3FB82C8A9EA1}"
EndProject
Project("{FAE04EC0-301F-11D3-BF4B-00C04F79EFBC}") = "ReplagTool", "ReplagTool\ReplagTool.csproj", "{55A1FEB2-523E-45A4-93AE-58FCE4055315}"
EndProject
Project("{FAE04EC0-301F-11D3-BF4B-00C04F79EFBC}") = "Link", "Link\Link.csproj", "{081FDEA4-01C3-4071-B444-718F59E9F91F}"
EndProject
Project("{FAE04EC0-301F-11D3-BF4B-00C04F79EFBC}") = "Infobot", "Infobot\Infobot.csproj", "{1A56CB86-EAB1-48B7-86EA-712739103207}"
EndProject
Project("{FAE04EC0-301F-11D3-BF4B-00C04F79EFBC}") = "NetCat", "NetCat\NetCat.csproj", "{4332034A-38E0-41C3-A24D-7C057EA23C3C}"
EndProject
Project("{FAE04EC0-301F-11D3-BF4B-00C04F79EFBC}") = "Notify", "Notify\Notify.csproj", "{0E1BC381-14BB-4C08-A597-7D8F0BAB9943}"
EndProject
Project("{FAE04EC0-301F-11D3-BF4B-00C04F79EFBC}") = "Thanks", "Thanks\Thanks.csproj", "{54644E05-9C19-4259-9FB9-023BCA457BCA}"
EndProject
Project("{FAE04EC0-301F-11D3-BF4B-00C04F79EFBC}") = "Slap", "Slap\Slap.csproj", "{EA05ECC5-CF3B-4925-B1BB-76D952D17919}"
EndProject
Project("{FAE04EC0-301F-11D3-BF4B-00C04F79EFBC}") = "Requests", "Requests\Requests.csproj", "{8CA7B1C0-0834-4C01-BF2A-BAD008B3F9E3}"
EndProject
Project("{FAE04EC0-301F-11D3-BF4B-00C04F79EFBC}") = "Ping", "Ping\Ping.csproj", "{1CEB72DE-DA57-411E-85B4-8FC4146D6A0E}"
EndProject
Project("{FAE04EC0-301F-11D3-BF4B-00C04F79EFBC}") = "RC_feed", "RC_feed\RC_feed.csproj", "{748A0B08-F06D-49E6-96B5-F357A5BA2D92}"
EndProject
Global
	GlobalSection(SolutionConfigurationPlatforms) = preSolution
		Debug|Any CPU = Debug|Any CPU
		Release|Any CPU = Release|Any CPU
	EndGlobalSection
	GlobalSection(ProjectConfigurationPlatforms) = postSolution
		{081FDEA4-01C3-4071-B444-718F59E9F91F}.Debug|Any CPU.ActiveCfg = Debug|Any CPU
		{081FDEA4-01C3-4071-B444-718F59E9F91F}.Debug|Any CPU.Build.0 = Debug|Any CPU
		{081FDEA4-01C3-4071-B444-718F59E9F91F}.Release|Any CPU.ActiveCfg = Release|Any CPU
		{081FDEA4-01C3-4071-B444-718F59E9F91F}.Release|Any CPU.Build.0 = Release|Any CPU
		{0E1BC381-14BB-4C08-A597-7D8F0BAB9943}.Debug|Any CPU.ActiveCfg = Debug|Any CPU
		{0E1BC381-14BB-4C08-A597-7D8F0BAB9943}.Debug|Any CPU.Build.0 = Debug|Any CPU
		{0E1BC381-14BB-4C08-A597-7D8F0BAB9943}.Release|Any CPU.ActiveCfg = Release|Any CPU
		{0E1BC381-14BB-4C08-A597-7D8F0BAB9943}.Release|Any CPU.Build.0 = Release|Any CPU
		{0F201F75-E77D-48C9-ACD8-3FB82C8A9EA1}.Debug|Any CPU.ActiveCfg = Debug|Any CPU
		{0F201F75-E77D-48C9-ACD8-3FB82C8A9EA1}.Debug|Any CPU.Build.0 = Debug|Any CPU
		{0F201F75-E77D-48C9-ACD8-3FB82C8A9EA1}.Release|Any CPU.ActiveCfg = Release|Any CPU
		{0F201F75-E77D-48C9-ACD8-3FB82C8A9EA1}.Release|Any CPU.Build.0 = Release|Any CPU
		{1A56CB86-EAB1-48B7-86EA-712739103207}.Debug|Any CPU.ActiveCfg = Debug|Any CPU
		{1A56CB86-EAB1-48B7-86EA-712739103207}.Debug|Any CPU.Build.0 = Debug|Any CPU
		{1A56CB86-EAB1-48B7-86EA-712739103207}.Release|Any CPU.ActiveCfg = Release|Any CPU
		{1A56CB86-EAB1-48B7-86EA-712739103207}.Release|Any CPU.Build.0 = Release|Any CPU
		{1CEB72DE-DA57-411E-85B4-8FC4146D6A0E}.Debug|Any CPU.ActiveCfg = Debug|Any CPU
		{1CEB72DE-DA57-411E-85B4-8FC4146D6A0E}.Debug|Any CPU.Build.0 = Debug|Any CPU
		{1CEB72DE-DA57-411E-85B4-8FC4146D6A0E}.Release|Any CPU.ActiveCfg = Release|Any CPU
		{1CEB72DE-DA57-411E-85B4-8FC4146D6A0E}.Release|Any CPU.Build.0 = Release|Any CPU
		{1F040F2D-6A14-4B80-B935-05C53D16CBCD}.Debug|Any CPU.ActiveCfg = Debug|Any CPU
		{1F040F2D-6A14-4B80-B935-05C53D16CBCD}.Debug|Any CPU.Build.0 = Debug|Any CPU
		{1F040F2D-6A14-4B80-B935-05C53D16CBCD}.Release|Any CPU.ActiveCfg = Release|Any CPU
		{1F040F2D-6A14-4B80-B935-05C53D16CBCD}.Release|Any CPU.Build.0 = Release|Any CPU
		{3A3FDED0-DA3A-4168-9550-DBE741C50EA4}.Debug|Any CPU.ActiveCfg = Debug|Any CPU
		{3A3FDED0-DA3A-4168-9550-DBE741C50EA4}.Debug|Any CPU.Build.0 = Debug|Any CPU
		{3A3FDED0-DA3A-4168-9550-DBE741C50EA4}.Release|Any CPU.ActiveCfg = Release|Any CPU
		{3A3FDED0-DA3A-4168-9550-DBE741C50EA4}.Release|Any CPU.Build.0 = Release|Any CPU
		{4332034A-38E0-41C3-A24D-7C057EA23C3C}.Debug|Any CPU.ActiveCfg = Debug|Any CPU
		{4332034A-38E0-41C3-A24D-7C057EA23C3C}.Debug|Any CPU.Build.0 = Debug|Any CPU
		{4332034A-38E0-41C3-A24D-7C057EA23C3C}.Release|Any CPU.ActiveCfg = Release|Any CPU
		{4332034A-38E0-41C3-A24D-7C057EA23C3C}.Release|Any CPU.Build.0 = Release|Any CPU
		{54644E05-9C19-4259-9FB9-023BCA457BCA}.Debug|Any CPU.ActiveCfg = Debug|Any CPU
		{54644E05-9C19-4259-9FB9-023BCA457BCA}.Debug|Any CPU.Build.0 = Debug|Any CPU
		{54644E05-9C19-4259-9FB9-023BCA457BCA}.Release|Any CPU.ActiveCfg = Release|Any CPU
		{54644E05-9C19-4259-9FB9-023BCA457BCA}.Release|Any CPU.Build.0 = Release|Any CPU
		{55A1FEB2-523E-45A4-93AE-58FCE4055315}.Debug|Any CPU.ActiveCfg = Debug|Any CPU
		{55A1FEB2-523E-45A4-93AE-58FCE4055315}.Debug|Any CPU.Build.0 = Debug|Any CPU
		{55A1FEB2-523E-45A4-93AE-58FCE4055315}.Release|Any CPU.ActiveCfg = Release|Any CPU
		{55A1FEB2-523E-45A4-93AE-58FCE4055315}.Release|Any CPU.Build.0 = Release|Any CPU
		{748A0B08-F06D-49E6-96B5-F357A5BA2D92}.Debug|Any CPU.ActiveCfg = Debug|Any CPU
		{748A0B08-F06D-49E6-96B5-F357A5BA2D92}.Debug|Any CPU.Build.0 = Debug|Any CPU
		{748A0B08-F06D-49E6-96B5-F357A5BA2D92}.Release|Any CPU.ActiveCfg = Release|Any CPU
		{748A0B08-F06D-49E6-96B5-F357A5BA2D92}.Release|Any CPU.Build.0 = Release|Any CPU
		{8CA7B1C0-0834-4C01-BF2A-BAD008B3F9E3}.Debug|Any CPU.ActiveCfg = Debug|Any CPU
		{8CA7B1C0-0834-4C01-BF2A-BAD008B3F9E3}.Debug|Any CPU.Build.0 = Debug|Any CPU
		{8CA7B1C0-0834-4C01-BF2A-BAD008B3F9E3}.Release|Any CPU.ActiveCfg = Release|Any CPU
		{8CA7B1C0-0834-4C01-BF2A-BAD008B3F9E3}.Release|Any CPU.Build.0 = Release|Any CPU
		{A25A07AE-116F-4133-870A-6EEDA24E9103}.Debug|Any CPU.ActiveCfg = Debug|Any CPU
		{A25A07AE-116F-4133-870A-6EEDA24E9103}.Debug|Any CPU.Build.0 = Debug|Any CPU
		{A25A07AE-116F-4133-870A-6EEDA24E9103}.Release|Any CPU.ActiveCfg = Release|Any CPU
		{A25A07AE-116F-4133-870A-6EEDA24E9103}.Release|Any CPU.Build.0 = Release|Any CPU
		{AF12BC2F-879F-40CF-B35A-846738C53EA9}.Debug|Any CPU.ActiveCfg = Debug|Any CPU
		{AF12BC2F-879F-40CF-B35A-846738C53EA9}.Debug|Any CPU.Build.0 = Debug|Any CPU
		{AF12BC2F-879F-40CF-B35A-846738C53EA9}.Release|Any CPU.ActiveCfg = Release|Any CPU
		{AF12BC2F-879F-40CF-B35A-846738C53EA9}.Release|Any CPU.Build.0 = Release|Any CPU
		{E16299DD-BA39-42EA-A539-A711C59E5F9F}.Debug|Any CPU.ActiveCfg = Debug|Any CPU
		{E16299DD-BA39-42EA-A539-A711C59E5F9F}.Debug|Any CPU.Build.0 = Debug|Any CPU
		{E16299DD-BA39-42EA-A539-A711C59E5F9F}.Release|Any CPU.ActiveCfg = Release|Any CPU
		{E16299DD-BA39-42EA-A539-A711C59E5F9F}.Release|Any CPU.Build.0 = Release|Any CPU
		{EA05ECC5-CF3B-4925-B1BB-76D952D17919}.Debug|Any CPU.ActiveCfg = Debug|Any CPU
		{EA05ECC5-CF3B-4925-B1BB-76D952D17919}.Debug|Any CPU.Build.0 = Debug|Any CPU
		{EA05ECC5-CF3B-4925-B1BB-76D952D17919}.Release|Any CPU.ActiveCfg = Release|Any CPU
		{EA05ECC5-CF3B-4925-B1BB-76D952D17919}.Release|Any CPU.Build.0 = Release|Any CPU
		{F48E5D4F-76C6-4145-A9FF-012B5162EA73}.Debug|Any CPU.ActiveCfg = Debug|Any CPU
		{F48E5D4F-76C6-4145-A9FF-012B5162EA73}.Debug|Any CPU.Build.0 = Debug|Any CPU
		{F48E5D4F-76C6-4145-A9FF-012B5162EA73}.Release|Any CPU.ActiveCfg = Release|Any CPU
		{F48E5D4F-76C6-4145-A9FF-012B5162EA73}.Release|Any CPU.Build.0 = Release|Any CPU
	EndGlobalSection
	GlobalSection(MonoDevelopProperties) = preSolution
		StartupItem = HtmlDump\HtmlDump.csproj
	EndGlobalSection
EndGlobal
