
Microsoft Visual Studio Solution File, Format Version 11.00
# Visual C# Express 2010
Project("{FAE04EC0-301F-11D3-BF4B-00C04F79EFBC}") = "wmib_notify", "wmib_notify.csproj", "{C330A057-3AD8-4801-B98B-09FA89CDEBCF}"
EndProject
Global
	GlobalSection(SolutionConfigurationPlatforms) = preSolution
		Debug|Any CPU = Debug|Any CPU
		Release|Any CPU = Release|Any CPU
	EndGlobalSection
	GlobalSection(ProjectConfigurationPlatforms) = postSolution
		{C330A057-3AD8-4801-B98B-09FA89CDEBCF}.Debug|Any CPU.ActiveCfg = Debug|Any CPU
		{C330A057-3AD8-4801-B98B-09FA89CDEBCF}.Debug|Any CPU.Build.0 = Debug|Any CPU
		{C330A057-3AD8-4801-B98B-09FA89CDEBCF}.Release|Any CPU.ActiveCfg = Release|Any CPU
		{C330A057-3AD8-4801-B98B-09FA89CDEBCF}.Release|Any CPU.Build.0 = Release|Any CPU
	EndGlobalSection
	GlobalSection(SolutionProperties) = preSolution
		HideSolutionNode = FALSE
	EndGlobalSection
EndGlobal
